
Microsoft Visual Studio Solution File, Format Version 12.00
# Visual Studio Version 16
VisualStudioVersion = 16.0.30717.126
MinimumVisualStudioVersion = 10.0.40219.1
Project("{FAE04EC0-301F-11D3-BF4B-00C04F79EFBC}") = "GalgenmaennchenV2", "GalgenmaennchenV2\GalgenmaennchenV2.csproj", "{C5D43027-C436-4A97-B363-751EBBA68CC2}"
EndProject
Project("{FAE04EC0-301F-11D3-BF4B-00C04F79EFBC}") = "galgenmaennchenTest", "galgenmaennchenTest\galgenmaennchenTest.csproj", "{71C1942A-88AB-4519-AE43-B4445E64CB55}"
EndProject
Global
	GlobalSection(SolutionConfigurationPlatforms) = preSolution
		Debug|Any CPU = Debug|Any CPU
		Release|Any CPU = Release|Any CPU
	EndGlobalSection
	GlobalSection(ProjectConfigurationPlatforms) = postSolution
		{C5D43027-C436-4A97-B363-751EBBA68CC2}.Debug|Any CPU.ActiveCfg = Debug|Any CPU
		{C5D43027-C436-4A97-B363-751EBBA68CC2}.Debug|Any CPU.Build.0 = Debug|Any CPU
		{C5D43027-C436-4A97-B363-751EBBA68CC2}.Release|Any CPU.ActiveCfg = Release|Any CPU
		{C5D43027-C436-4A97-B363-751EBBA68CC2}.Release|Any CPU.Build.0 = Release|Any CPU
		{71C1942A-88AB-4519-AE43-B4445E64CB55}.Debug|Any CPU.ActiveCfg = Debug|Any CPU
		{71C1942A-88AB-4519-AE43-B4445E64CB55}.Debug|Any CPU.Build.0 = Debug|Any CPU
		{71C1942A-88AB-4519-AE43-B4445E64CB55}.Release|Any CPU.ActiveCfg = Release|Any CPU
		{71C1942A-88AB-4519-AE43-B4445E64CB55}.Release|Any CPU.Build.0 = Release|Any CPU
	EndGlobalSection
	GlobalSection(SolutionProperties) = preSolution
		HideSolutionNode = FALSE
	EndGlobalSection
	GlobalSection(ExtensibilityGlobals) = postSolution
		SolutionGuid = {3FC5A99B-D2A3-4FE9-879B-EFCA27C1A9B5}
	EndGlobalSection
EndGlobal
